
Microsoft Visual Studio Solution File, Format Version 12.00
# Visual Studio 15
VisualStudioVersion = 15.0.28307.489
MinimumVisualStudioVersion = 10.0.40219.1
Project("{FAE04EC0-301F-11D3-BF4B-00C04F79EFBC}") = "XamarinForms.Controls.Android", "XamarinForms.Controls\XamarinForms.Controls.Android\XamarinForms.Controls.Android.csproj", "{F93A14C4-0A17-4AC7-AB4A-B468689438C8}"
EndProject
Project("{FAE04EC0-301F-11D3-BF4B-00C04F79EFBC}") = "XamarinForms.Controls.UWP", "XamarinForms.Controls\XamarinForms.Controls.UWP\XamarinForms.Controls.UWP.csproj", "{4BD89DF9-F2AD-4F03-9378-F8A1E912FC91}"
EndProject
Project("{FAE04EC0-301F-11D3-BF4B-00C04F79EFBC}") = "XamarinForms.Controls", "XamarinForms.Controls\XamarinForms.Controls\XamarinForms.Controls.csproj", "{13647D8D-4297-4863-8484-F37AFECD9AD0}"
EndProject
Global
	GlobalSection(SolutionConfigurationPlatforms) = preSolution
		Debug|Any CPU = Debug|Any CPU
		Debug|ARM = Debug|ARM
		Debug|x64 = Debug|x64
		Debug|x86 = Debug|x86
		Release|Any CPU = Release|Any CPU
		Release|ARM = Release|ARM
		Release|x64 = Release|x64
		Release|x86 = Release|x86
	EndGlobalSection
	GlobalSection(ProjectConfigurationPlatforms) = postSolution
		{F93A14C4-0A17-4AC7-AB4A-B468689438C8}.Debug|Any CPU.ActiveCfg = Debug|Any CPU
		{F93A14C4-0A17-4AC7-AB4A-B468689438C8}.Debug|Any CPU.Build.0 = Debug|Any CPU
		{F93A14C4-0A17-4AC7-AB4A-B468689438C8}.Debug|Any CPU.Deploy.0 = Debug|Any CPU
		{F93A14C4-0A17-4AC7-AB4A-B468689438C8}.Debug|ARM.ActiveCfg = Debug|Any CPU
		{F93A14C4-0A17-4AC7-AB4A-B468689438C8}.Debug|ARM.Build.0 = Debug|Any CPU
		{F93A14C4-0A17-4AC7-AB4A-B468689438C8}.Debug|ARM.Deploy.0 = Debug|Any CPU
		{F93A14C4-0A17-4AC7-AB4A-B468689438C8}.Debug|x64.ActiveCfg = Debug|Any CPU
		{F93A14C4-0A17-4AC7-AB4A-B468689438C8}.Debug|x64.Build.0 = Debug|Any CPU
		{F93A14C4-0A17-4AC7-AB4A-B468689438C8}.Debug|x64.Deploy.0 = Debug|Any CPU
		{F93A14C4-0A17-4AC7-AB4A-B468689438C8}.Debug|x86.ActiveCfg = Debug|Any CPU
		{F93A14C4-0A17-4AC7-AB4A-B468689438C8}.Debug|x86.Build.0 = Debug|Any CPU
		{F93A14C4-0A17-4AC7-AB4A-B468689438C8}.Debug|x86.Deploy.0 = Debug|Any CPU
		{F93A14C4-0A17-4AC7-AB4A-B468689438C8}.Release|Any CPU.ActiveCfg = Release|Any CPU
		{F93A14C4-0A17-4AC7-AB4A-B468689438C8}.Release|Any CPU.Build.0 = Release|Any CPU
		{F93A14C4-0A17-4AC7-AB4A-B468689438C8}.Release|Any CPU.Deploy.0 = Release|Any CPU
		{F93A14C4-0A17-4AC7-AB4A-B468689438C8}.Release|ARM.ActiveCfg = Release|Any CPU
		{F93A14C4-0A17-4AC7-AB4A-B468689438C8}.Release|ARM.Build.0 = Release|Any CPU
		{F93A14C4-0A17-4AC7-AB4A-B468689438C8}.Release|ARM.Deploy.0 = Release|Any CPU
		{F93A14C4-0A17-4AC7-AB4A-B468689438C8}.Release|x64.ActiveCfg = Release|Any CPU
		{F93A14C4-0A17-4AC7-AB4A-B468689438C8}.Release|x64.Build.0 = Release|Any CPU
		{F93A14C4-0A17-4AC7-AB4A-B468689438C8}.Release|x64.Deploy.0 = Release|Any CPU
		{F93A14C4-0A17-4AC7-AB4A-B468689438C8}.Release|x86.ActiveCfg = Release|Any CPU
		{F93A14C4-0A17-4AC7-AB4A-B468689438C8}.Release|x86.Build.0 = Release|Any CPU
		{F93A14C4-0A17-4AC7-AB4A-B468689438C8}.Release|x86.Deploy.0 = Release|Any CPU
		{4BD89DF9-F2AD-4F03-9378-F8A1E912FC91}.Debug|Any CPU.ActiveCfg = Debug|x86
		{4BD89DF9-F2AD-4F03-9378-F8A1E912FC91}.Debug|Any CPU.Build.0 = Debug|x86
		{4BD89DF9-F2AD-4F03-9378-F8A1E912FC91}.Debug|Any CPU.Deploy.0 = Debug|x86
		{4BD89DF9-F2AD-4F03-9378-F8A1E912FC91}.Debug|ARM.ActiveCfg = Debug|ARM
		{4BD89DF9-F2AD-4F03-9378-F8A1E912FC91}.Debug|ARM.Build.0 = Debug|ARM
		{4BD89DF9-F2AD-4F03-9378-F8A1E912FC91}.Debug|ARM.Deploy.0 = Debug|ARM
		{4BD89DF9-F2AD-4F03-9378-F8A1E912FC91}.Debug|x64.ActiveCfg = Debug|x64
		{4BD89DF9-F2AD-4F03-9378-F8A1E912FC91}.Debug|x64.Build.0 = Debug|x64
		{4BD89DF9-F2AD-4F03-9378-F8A1E912FC91}.Debug|x64.Deploy.0 = Debug|x64
		{4BD89DF9-F2AD-4F03-9378-F8A1E912FC91}.Debug|x86.ActiveCfg = Debug|x86
		{4BD89DF9-F2AD-4F03-9378-F8A1E912FC91}.Debug|x86.Build.0 = Debug|x86
		{4BD89DF9-F2AD-4F03-9378-F8A1E912FC91}.Debug|x86.Deploy.0 = Debug|x86
		{4BD89DF9-F2AD-4F03-9378-F8A1E912FC91}.Release|Any CPU.ActiveCfg = Release|x86
		{4BD89DF9-F2AD-4F03-9378-F8A1E912FC91}.Release|Any CPU.Build.0 = Release|x86
		{4BD89DF9-F2AD-4F03-9378-F8A1E912FC91}.Release|Any CPU.Deploy.0 = Release|x86
		{4BD89DF9-F2AD-4F03-9378-F8A1E912FC91}.Release|ARM.ActiveCfg = Release|ARM
		{4BD89DF9-F2AD-4F03-9378-F8A1E912FC91}.Release|ARM.Build.0 = Release|ARM
		{4BD89DF9-F2AD-4F03-9378-F8A1E912FC91}.Release|ARM.Deploy.0 = Release|ARM
		{4BD89DF9-F2AD-4F03-9378-F8A1E912FC91}.Release|x64.ActiveCfg = Release|x64
		{4BD89DF9-F2AD-4F03-9378-F8A1E912FC91}.Release|x64.Build.0 = Release|x64
		{4BD89DF9-F2AD-4F03-9378-F8A1E912FC91}.Release|x64.Deploy.0 = Release|x64
		{4BD89DF9-F2AD-4F03-9378-F8A1E912FC91}.Release|x86.ActiveCfg = Release|x86
		{4BD89DF9-F2AD-4F03-9378-F8A1E912FC91}.Release|x86.Build.0 = Release|x86
		{4BD89DF9-F2AD-4F03-9378-F8A1E912FC91}.Release|x86.Deploy.0 = Release|x86
		{13647D8D-4297-4863-8484-F37AFECD9AD0}.Debug|Any CPU.ActiveCfg = Debug|Any CPU
		{13647D8D-4297-4863-8484-F37AFECD9AD0}.Debug|Any CPU.Build.0 = Debug|Any CPU
		{13647D8D-4297-4863-8484-F37AFECD9AD0}.Debug|Any CPU.Deploy.0 = Debug|Any CPU
		{13647D8D-4297-4863-8484-F37AFECD9AD0}.Debug|ARM.ActiveCfg = Debug|Any CPU
		{13647D8D-4297-4863-8484-F37AFECD9AD0}.Debug|ARM.Build.0 = Debug|Any CPU
		{13647D8D-4297-4863-8484-F37AFECD9AD0}.Debug|ARM.Deploy.0 = Debug|Any CPU
		{13647D8D-4297-4863-8484-F37AFECD9AD0}.Debug|x64.ActiveCfg = Debug|Any CPU
		{13647D8D-4297-4863-8484-F37AFECD9AD0}.Debug|x64.Build.0 = Debug|Any CPU
		{13647D8D-4297-4863-8484-F37AFECD9AD0}.Debug|x64.Deploy.0 = Debug|Any CPU
		{13647D8D-4297-4863-8484-F37AFECD9AD0}.Debug|x86.ActiveCfg = Debug|Any CPU
		{13647D8D-4297-4863-8484-F37AFECD9AD0}.Debug|x86.Build.0 = Debug|Any CPU
		{13647D8D-4297-4863-8484-F37AFECD9AD0}.Debug|x86.Deploy.0 = Debug|Any CPU
		{13647D8D-4297-4863-8484-F37AFECD9AD0}.Release|Any CPU.ActiveCfg = Release|Any CPU
		{13647D8D-4297-4863-8484-F37AFECD9AD0}.Release|Any CPU.Build.0 = Release|Any CPU
		{13647D8D-4297-4863-8484-F37AFECD9AD0}.Release|Any CPU.Deploy.0 = Release|Any CPU
		{13647D8D-4297-4863-8484-F37AFECD9AD0}.Release|ARM.ActiveCfg = Release|Any CPU
		{13647D8D-4297-4863-8484-F37AFECD9AD0}.Release|ARM.Build.0 = Release|Any CPU
		{13647D8D-4297-4863-8484-F37AFECD9AD0}.Release|ARM.Deploy.0 = Release|Any CPU
		{13647D8D-4297-4863-8484-F37AFECD9AD0}.Release|x64.ActiveCfg = Release|Any CPU
		{13647D8D-4297-4863-8484-F37AFECD9AD0}.Release|x64.Build.0 = Release|Any CPU
		{13647D8D-4297-4863-8484-F37AFECD9AD0}.Release|x64.Deploy.0 = Release|Any CPU
		{13647D8D-4297-4863-8484-F37AFECD9AD0}.Release|x86.ActiveCfg = Release|Any CPU
		{13647D8D-4297-4863-8484-F37AFECD9AD0}.Release|x86.Build.0 = Release|Any CPU
		{13647D8D-4297-4863-8484-F37AFECD9AD0}.Release|x86.Deploy.0 = Release|Any CPU
	EndGlobalSection
	GlobalSection(SolutionProperties) = preSolution
		HideSolutionNode = FALSE
	EndGlobalSection
	GlobalSection(ExtensibilityGlobals) = postSolution
		SolutionGuid = {3CA08160-FA01-4AF7-87C3-DF2838AE3755}
	EndGlobalSection
EndGlobal
